[[package]]
category = "main"
description = "Simple DNS resolver for asyncio"
marker = "python_version >= \"3.5.2\""
name = "aiodns"
optional = false
python-versions = "*"
version = "1.1.1"

[package.dependencies]
pycares = ">=1.0.0"

[[package]]
category = "main"
description = "Async http client/server framework (asyncio)"
marker = "python_version >= \"3.5.2\""
name = "aiohttp"
optional = false
python-versions = ">=3.5.3"
version = "3.6.2"

[package.dependencies]
async-timeout = ">=3.0,<4.0"
attrs = ">=17.3.0"
chardet = ">=2.0,<4.0"
multidict = ">=4.5,<5.0"
yarl = ">=1.0,<2.0"

[[package]]
category = "main"
description = "Timeout context manager for asyncio programs"
marker = "python_version >= \"3.5.2\""
name = "async-timeout"
optional = false
python-versions = ">=3.5.3"
version = "3.0.1"

[[package]]
category = "main"
description = "Classes Without Boilerplate"
marker = "python_version >= \"3.5.2\""
name = "attrs"
optional = false
python-versions = ">=2.7, !=3.0.*, !=3.1.*, !=3.2.*, !=3.3.*"
version = "19.3.0"

[[package]]
category = "main"
description = "A module for coloring print statement."
name = "bcolors"
optional = false
python-versions = "*"
version = "1.0.2"

[[package]]
category = "main"
description = "A JavaScript / Python / PHP cryptocurrency trading library with support for 130+ exchanges"
name = "ccxt"
optional = false
python-versions = "*"
version = "1.26.18"

[package.dependencies]
certifi = ">=2018.1.18"
cryptography = ">=2.6.1"
requests = ">=2.18.4"
setuptools = ">=38.5.1"

[package.dependencies.aiodns]
python = ">=3.5.2"
version = "1.1.1"

[package.dependencies.aiohttp]
python = ">=3.5.2"
version = "3.6.2"

[package.dependencies.yarl]
python = ">=3.5.2"
version = "1.1.0"

[[package]]
category = "main"
description = "Python package for providing Mozilla's CA Bundle."
name = "certifi"
optional = false
python-versions = "*"
version = "2020.4.5.1"

[[package]]
category = "main"
description = "Foreign Function Interface for Python calling C code."
name = "cffi"
optional = false
python-versions = "*"
version = "1.14.0"

[package.dependencies]
pycparser = "*"

[[package]]
category = "main"
description = "Universal encoding detector for Python 2 and 3"
name = "chardet"
optional = false
python-versions = "*"
version = "3.0.4"

[[package]]
category = "main"
description = "cryptography is a package which provides cryptographic recipes and primitives to Python developers."
name = "cryptography"
optional = false
python-versions = ">=2.7,!=3.0.*,!=3.1.*,!=3.2.*,!=3.3.*,!=3.4.*"
version = "2.9"

[package.dependencies]
cffi = ">=1.8,<1.11.3 || >1.11.3"
six = ">=1.4.1"

[[package]]
category = "main"
description = "Internationalized Domain Names in Applications (IDNA)"
name = "idna"
optional = false
python-versions = ">=2.7, !=3.0.*, !=3.1.*, !=3.2.*, !=3.3.*"
version = "2.9"

[[package]]
category = "main"
description = "multidict implementation"
marker = "python_version >= \"3.5.2\""
name = "multidict"
optional = false
python-versions = ">=3.5"
version = "4.7.5"

[[package]]
category = "main"
description = "NumPy is the fundamental package for array computing with Python."
name = "numpy"
optional = false
python-versions = ">=3.5"
version = "1.18.2"

[[package]]
category = "main"
description = "Powerful data structures for data analysis, time series, and statistics"
name = "pandas"
optional = false
python-versions = ">=3.6.1"
version = "1.0.3"

[package.dependencies]
numpy = ">=1.13.3"
python-dateutil = ">=2.6.1"
pytz = ">=2017.2"

[[package]]
category = "main"
description = "Python interface for c-ares"
marker = "python_version >= \"3.5.2\""
name = "pycares"
optional = false
python-versions = "*"
version = "3.1.1"

[package.dependencies]
cffi = ">=1.5.0"

[[package]]
category = "main"
description = "C parser in Python"
name = "pycparser"
optional = false
python-versions = ">=2.7, !=3.0.*, !=3.1.*, !=3.2.*, !=3.3.*"
version = "2.20"

[[package]]
category = "main"
description = "Extensions to the standard Python datetime module"
name = "python-dateutil"
optional = false
python-versions = "!=3.0.*,!=3.1.*,!=3.2.*,>=2.7"
version = "2.8.1"

[package.dependencies]
six = ">=1.5"

[[package]]
category = "main"
description = "World timezone definitions, modern and historical"
name = "pytz"
optional = false
python-versions = "*"
version = "2019.3"

[[package]]
category = "main"
description = "Python HTTP for Humans."
name = "requests"
optional = false
python-versions = ">=2.7, !=3.0.*, !=3.1.*, !=3.2.*, !=3.3.*, !=3.4.*"
version = "2.23.0"

[package.dependencies]
certifi = ">=2017.4.17"
chardet = ">=3.0.2,<4"
idna = ">=2.5,<3"
urllib3 = ">=1.21.1,<1.25.0 || >1.25.0,<1.25.1 || >1.25.1,<1.26"

[[package]]
category = "main"
description = "Python 2 and 3 compatibility utilities"
name = "six"
optional = false
python-versions = ">=2.7, !=3.0.*, !=3.1.*, !=3.2.*"
version = "1.14.0"

[[package]]
category = "main"
description = "HTTP library with thread-safe connection pooling, file post, and more."
name = "urllib3"
optional = false
python-versions = ">=2.7, !=3.0.*, !=3.1.*, !=3.2.*, !=3.3.*, !=3.4.*, <4"
version = "1.25.8"

[[package]]
category = "main"
description = "Yet another URL library"
marker = "python_version >= \"3.5.2\""
name = "yarl"
optional = false
python-versions = "*"
version = "1.1.0"

[package.dependencies]
idna = ">=2.0"
multidict = ">=4.0"

[metadata]
content-hash = "3034bb429ff42df2c349a6c5079767e838f0b7ddeaae2c59e05e1a99caab67e9"
python-versions = "^3.7"

[metadata.hashes]
aiodns = ["99d0652f2c02f73bfa646bf44af82705260a523014576647d7959e664830b26b", "d8677adc679ce8d0ef706c14d9c3d2f27a0e0cc11d59730cdbaf218ad52dd9ea"]
aiohttp = ["1e984191d1ec186881ffaed4581092ba04f7c61582a177b187d3a2f07ed9719e", "259ab809ff0727d0e834ac5e8a283dc5e3e0ecc30c4d80b3cd17a4139ce1f326", "2f4d1a4fdce595c947162333353d4a44952a724fba9ca3205a3df99a33d1307a", "32e5f3b7e511aa850829fbe5aa32eb455e5534eaa4b1ce93231d00e2f76e5654", "344c780466b73095a72c616fac5ea9c4665add7fc129f285fbdbca3cccf4612a", "460bd4237d2dbecc3b5ed57e122992f60188afe46e7319116da5eb8a9dfedba4", "4c6efd824d44ae697814a2a85604d8e992b875462c6655da161ff18fd4f29f17", "50aaad128e6ac62e7bf7bd1f0c0a24bc968a0c0590a726d5a955af193544bcec", "6206a135d072f88da3e71cc501c59d5abffa9d0bb43269a6dcd28d66bfafdbdd", "65f31b622af739a802ca6fd1a3076fd0ae523f8485c52924a89561ba10c49b48", "ae55bac364c405caa23a4f2d6cfecc6a0daada500274ffca4a9230e7129eac59", "b778ce0c909a2653741cb4b1ac7015b5c130ab9c897611df43ae6a58523cb965"]
async-timeout = ["0c3c816a028d47f659d6ff5c745cb2acf1f966da1fe5c19c77a70282b25f4c5f", "4291ca197d287d274d0b6cb5d6f8f8f82d434ed288f962539ff18cc9012f9ea3"]
attrs = ["08a96c641c3a74e44eb59afb61a24f2cb9f4d7188748e76ba4bb5edfa3cb7d1c", "f7b7ce16570fe9965acd6d30101a28f62fb4a7f9e926b3bbc9b61f8b04247e72"]
bcolors = ["463fb4e0371a12fc6c52466a25c995a9ba4e8b3d819b7bef440c87b2fb410806"]
ccxt = ["3b7474576a2f0e20842765601f73e9bfbfadc69ed43df39c31b1cb053edf1d27", "4e015daeccdcb1876a19b566edc0dedc1246ce3beb8be4dc372f19698ae7e9be"]
certifi = ["1d987a998c75633c40847cc966fcf5904906c920a7f17ef374f5aa4282abd304", "51fcb31174be6e6664c5f69e3e1691a2d72a1a12e90f872cbdb1567eb47b6519"]
cffi = ["001bf3242a1bb04d985d63e138230802c6c8d4db3668fb545fb5005ddf5bb5ff", "00789914be39dffba161cfc5be31b55775de5ba2235fe49aa28c148236c4e06b", "028a579fc9aed3af38f4892bdcc7390508adabc30c6af4a6e4f611b0c680e6ac", "14491a910663bf9f13ddf2bc8f60562d6bc5315c1f09c704937ef17293fb85b0", "1cae98a7054b5c9391eb3249b86e0e99ab1e02bb0cc0575da191aedadbdf4384", "2089ed025da3919d2e75a4d963d008330c96751127dd6f73c8dc0c65041b4c26", "2d384f4a127a15ba701207f7639d94106693b6cd64173d6c8988e2c25f3ac2b6", "337d448e5a725bba2d8293c48d9353fc68d0e9e4088d62a9571def317797522b", "399aed636c7d3749bbed55bc907c3288cb43c65c4389964ad5ff849b6370603e", "3b911c2dbd4f423b4c4fcca138cadde747abdb20d196c4a48708b8a2d32b16dd", "3d311bcc4a41408cf5854f06ef2c5cab88f9fded37a3b95936c9879c1640d4c2", "62ae9af2d069ea2698bf536dcfe1e4eed9090211dbaafeeedf5cb6c41b352f66", "66e41db66b47d0d8672d8ed2708ba91b2f2524ece3dee48b5dfb36be8c2f21dc", "675686925a9fb403edba0114db74e741d8181683dcf216be697d208857e04ca8", "7e63cbcf2429a8dbfe48dcc2322d5f2220b77b2e17b7ba023d6166d84655da55", "8a6c688fefb4e1cd56feb6c511984a6c4f7ec7d2a1ff31a10254f3c817054ae4", "8c0ffc886aea5df6a1762d0019e9cb05f825d0eec1f520c51be9d198701daee5", "95cd16d3dee553f882540c1ffe331d085c9e629499ceadfbda4d4fde635f4b7d", "99f748a7e71ff382613b4e1acc0ac83bf7ad167fb3802e35e90d9763daba4d78", "b8c78301cefcf5fd914aad35d3c04c2b21ce8629b5e4f4e45ae6812e461910fa", "c420917b188a5582a56d8b93bdd8e0f6eca08c84ff623a4c16e809152cd35793", "c43866529f2f06fe0edc6246eb4faa34f03fe88b64a0a9a942561c8e22f4b71f", "cab50b8c2250b46fe738c77dbd25ce017d5e6fb35d3407606e7a4180656a5a6a", "cef128cb4d5e0b3493f058f10ce32365972c554572ff821e175dbc6f8ff6924f", "cf16e3cf6c0a5fdd9bc10c21687e19d29ad1fe863372b5543deaec1039581a30", "e56c744aa6ff427a607763346e4170629caf7e48ead6921745986db3692f987f", "e577934fc5f8779c554639376beeaa5657d54349096ef24abe8c74c5d9c117c3", "f2b0fa0c01d8a0c7483afd9f31d7ecf2d71760ca24499c8697aeb5ca37dc090c"]
chardet = ["84ab92ed1c4d4f16916e05906b6b75a6c0fb5db821cc65e70cbd64a3e2a5eaae", "fc323ffcaeaed0e0a02bf4d117757b98aed530d9ed4531e3e15460124c106691"]
cryptography = ["0cacd3ef5c604b8e5f59bf2582c076c98a37fe206b31430d0cd08138aff0986e", "192ca04a36852a994ef21df13cca4d822adbbdc9d5009c0f96f1d2929e375d4f", "19ae795137682a9778892fb4390c07811828b173741bce91e30f899424b3934d", "1b9b535d6b55936a79dbe4990b64bb16048f48747c76c29713fea8c50eca2acf", "2a2ad24d43398d89f92209289f15265107928f22a8d10385f70def7a698d6a02", "3be7a5722d5bfe69894d3f7bbed15547b17619f3a88a318aab2e37f457524164", "49870684da168b90110bbaf86140d4681032c5e6a2461adc7afdd93be5634216", "587f98ce27ac4547177a0c6fe0986b8736058daffe9160dcf5f1bd411b7fbaa1", "5aca6f00b2f42546b9bdf11a69f248d1881212ce5b9e2618b04935b87f6f82a1", "6b744039b55988519cc183149cceb573189b3e46e16ccf6f8c46798bb767c9dc", "6b91cab3841b4c7cb70e4db1697c69f036c8bc0a253edc0baa6783154f1301e4", "7598974f6879a338c785c513e7c5a4329fbc58b9f6b9a6305035fca5b1076552", "7a279f33a081d436e90e91d1a7c338553c04e464de1c9302311a5e7e4b746088", "95e1296e0157361fe2f5f0ed307fd31f94b0ca13372e3673fa95095a627636a1", "9fc9da390e98cb6975eadf251b6e5fa088820141061bf041cd5c72deba1dc526", "cc20316e3f5a6b582fc3b029d8dc03aabeb645acfcb7fc1d9848841a33265748", "d1bf5a1a0d60c7f9a78e448adcb99aa101f3f9588b16708044638881be15d6bc", "ed1d0760c7e46436ec90834d6f10477ff09475c692ed1695329d324b2c5cd547", "ef9a55013676907df6c9d7dd943eb1770d014f68beaa7e73250fb43c759f4585"]
idna = ["7588d1c14ae4c77d74036e8c22ff447b26d0fde8f007354fd48a7814db15b7cb", "a068a21ceac8a4d63dbfd964670474107f541babbd2250d61922f029858365fa"]
multidict = ["317f96bc0950d249e96d8d29ab556d01dd38888fbe68324f46fd834b430169f1", "42f56542166040b4474c0c608ed051732033cd821126493cf25b6c276df7dd35", "4b7df040fb5fe826d689204f9b544af469593fb3ff3a069a6ad3409f742f5928", "544fae9261232a97102e27a926019100a9db75bec7b37feedd74b3aa82f29969", "620b37c3fea181dab09267cd5a84b0f23fa043beb8bc50d8474dd9694de1fa6e", "6e6fef114741c4d7ca46da8449038ec8b1e880bbe68674c01ceeb1ac8a648e78", "7774e9f6c9af3f12f296131453f7b81dabb7ebdb948483362f5afcaac8a826f1", "85cb26c38c96f76b7ff38b86c9d560dea10cf3459bb5f4caf72fc1bb932c7136", "a326f4240123a2ac66bb163eeba99578e9d63a8654a59f4688a79198f9aa10f8", "ae402f43604e3b2bc41e8ea8b8526c7fa7139ed76b0d64fc48e28125925275b2", "aee283c49601fa4c13adc64c09c978838a7e812f85377ae130a24d7198c0331e", "b51249fdd2923739cd3efc95a3d6c363b67bbf779208e9f37fd5e68540d1a4d4", "bb519becc46275c594410c6c28a8a0adc66fe24fef154a9addea54c1adb006f5", "c2c37185fb0af79d5c117b8d2764f4321eeb12ba8c141a95d0aa8c2c1d0a11dd", "dc561313279f9d05a3d0ffa89cd15ae477528ea37aa9795c4654588a3287a9ab", "e439c9a10a95cb32abd708bb8be83b2134fa93790a4fb0535ca36db3dda94d20", "fc3b4adc2ee8474cb3cd2a155305d5f8eda0a9c91320f83e55748e1fcb68f8e3"]
numpy = ["1598a6de323508cfeed6b7cd6c4efb43324f4692e20d1f76e1feec7f59013448", "1b0ece94018ae21163d1f651b527156e1f03943b986188dd81bc7e066eae9d1c", "2e40be731ad618cb4974d5ba60d373cdf4f1b8dcbf1dcf4d9dff5e212baf69c5", "4ba59db1fcc27ea31368af524dcf874d9277f21fd2e1f7f1e2e0c75ee61419ed", "59ca9c6592da581a03d42cc4e270732552243dc45e87248aa8d636d53812f6a5", "5e0feb76849ca3e83dd396254e47c7dba65b3fa9ed3df67c2556293ae3e16de3", "6d205249a0293e62bbb3898c4c2e1ff8a22f98375a34775a259a0523111a8f6c", "6fcc5a3990e269f86d388f165a089259893851437b904f422d301cdce4ff25c8", "82847f2765835c8e5308f136bc34018d09b49037ec23ecc42b246424c767056b", "87902e5c03355335fc5992a74ba0247a70d937f326d852fc613b7f53516c0963", "9ab21d1cb156a620d3999dd92f7d1c86824c622873841d6b080ca5495fa10fef", "a1baa1dc8ecd88fb2d2a651671a84b9938461e8a8eed13e2f0a812a94084d1fa", "a244f7af80dacf21054386539699ce29bcc64796ed9850c99a34b41305630286", "a35af656a7ba1d3decdd4fae5322b87277de8ac98b7d9da657d9e212ece76a61", "b1fe1a6f3a6f355f6c29789b5927f8bd4f134a4bd9a781099a7c4f66af8850f5", "b5ad0adb51b2dee7d0ee75a69e9871e2ddfb061c73ea8bc439376298141f77f5", "ba3c7a2814ec8a176bb71f91478293d633c08582119e713a0c5351c0f77698da", "cd77d58fb2acf57c1d1ee2835567cd70e6f1835e32090538f17f8a3a99e5e34b", "cdb3a70285e8220875e4d2bc394e49b4988bdb1298ffa4e0bd81b2f613be397c", "deb529c40c3f1e38d53d5ae6cd077c21f1d49e13afc7936f7f868455e16b64a0", "e7894793e6e8540dbeac77c87b489e331947813511108ae097f1715c018b8f3d"]
pandas = ["07c1b58936b80eafdfe694ce964ac21567b80a48d972879a359b3ebb2ea76835", "0ebe327fb088df4d06145227a4aa0998e4f80a9e6aed4b61c1f303bdfdf7c722", "11c7cb654cd3a0e9c54d81761b5920cdc86b373510d829461d8f2ed6d5905266", "12f492dd840e9db1688126216706aa2d1fcd3f4df68a195f9479272d50054645", "167a1315367cea6ec6a5e11e791d9604f8e03f95b57ad227409de35cf850c9c5", "1a7c56f1df8d5ad8571fa251b864231f26b47b59cbe41aa5c0983d17dbb7a8e4", "1fa4bae1a6784aa550a1c9e168422798104a85bf9c77a1063ea77ee6f8452e3a", "32f42e322fb903d0e189a4c10b75ba70d90958cc4f66a1781ed027f1a1d14586", "387dc7b3c0424327fe3218f81e05fc27832772a5dffbed385013161be58df90b", "6597df07ea361231e60c00692d8a8099b519ed741c04e65821e632bc9ccb924c", "743bba36e99d4440403beb45a6f4f3a667c090c00394c176092b0b910666189b", "858a0d890d957ae62338624e4aeaf1de436dba2c2c0772570a686eaca8b4fc85", "863c3e4b7ae550749a0bb77fa22e601a36df9d2905afef34a6965bed092ba9e5", "a210c91a02ec5ff05617a298ad6f137b9f6f5771bf31f2d6b6367d7f71486639", "ca84a44cf727f211752e91eab2d1c6c1ab0f0540d5636a8382a3af428542826e", "d234bcf669e8b4d6cbcd99e3ce7a8918414520aeb113e2a81aeb02d0a533d7f7"]
pycares = ["050f00b39ed77ea8a4e555f09417d4b1a6b5baa24bb9531a3e15d003d2319b3f", "0a24d2e580a8eb567140d7b69f12cb7de90c836bd7b6488ec69394d308605ac3", "0c5bd1f6f885a219d5e972788d6eef7b8043b55c3375a845e5399638436e0bba", "11c628402cc8fc8ef461076d4e47f88afc1f8609989ebbff0dbffcd54c97239f", "18dfd4fd300f570d6c4536c1d987b7b7673b2a9d14346592c5d6ed716df0d104", "1917b82494907a4a342db420bc4dd5bac355a5fa3984c35ba9bf51422b020b48", "1b90fa00a89564df059fb18e796458864cc4e00cb55e364dbf921997266b7c55", "1d8d177c40567de78108a7835170f570ab04f09084bfd32df9919c0eaec47aa1", "236286f81664658b32c141c8e79d20afc3d54f6e2e49dfc8b702026be7265855", "2e4f74677542737fb5af4ea9a2e415ec5ab31aa67e7b8c3c969fdb15c069f679", "48a7750f04e69e1f304f4332b755728067e7c4b1abe2760bba1cacd9ff7a847a", "7d86e62b700b21401ffe7fd1bbfe91e08489416fecae99c6570ab023c6896022", "7e2d7effd08d2e5a3cb95d98a7286ebab71ab2fbce84fa93cc2dd56caf7240dd", "81edb016d9e43dde7473bc3999c29cdfee3a6b67308fed1ea21049f458e83ae0", "96c90e11b4a4c7c0b8ff5aaaae969c5035493136586043ff301979aae0623941", "9a0a1845f8cb2e62332bca0aaa9ad5494603ac43fb60d510a61d5b5b170d7216", "a05bbfdfd41f8410a905a818f329afe7510cbd9ee65c60f8860a72b6c64ce5dc", "a5089fd660f0b0d228b14cdaa110d0d311edfa5a63f800618dbf1321dcaef66b", "c457a709e6f2befea7e2996c991eda6d79705dd075f6521593ba6ebc1485b811", "c5cb72644b04e5e5abfb1e10a0e7eb75da6684ea0e60871652f348e412cf3b11", "cce46dd4717debfd2aab79d6d7f0cbdf6b1e982dc4d9bebad81658d59ede07c2", "cfdd1f90bcf373b00f4b2c55ea47868616fe2f779f792fc913fa82a3d64ffe43", "d88a279cbc5af613f73e86e19b3f63850f7a2e2736e249c51995dedcc830b1bb", "eba9a9227438da5e78fc8eee32f32eb35d9a50cf0a0bd937eb6275c7cc3015fe", "eee7b6a5f5b5af050cb7d66ab28179287b416f06d15a8974ac831437fec51336", "f41ac1c858687e53242828c9f59c2e7b0b95dbcd5bdd09c7e5d3c48b0f89a25a", "f8deaefefc3a589058df1b177275f79233e8b0eeee6734cf4336d80164ecd022", "fa78e919f3bd7d6d075db262aa41079b4c02da315c6043c6f43881e2ebcdd623", "fadb97d2e02dabdc15a0091591a972a938850d79ddde23d385d813c1731983f0"]
pycparser = ["2d475327684562c3a96cc71adf7dc8c4f0565175cf86b6d7a404ff4c771f15f0", "7582ad22678f0fcd81102833f60ef8d0e57288b6b5fb00323d101be910e35705"]
python-dateutil = ["73ebfe9dbf22e832286dafa60473e4cd239f8592f699aa5adaf10050e6e1823c", "75bb3f31ea686f1197762692a9ee6a7550b59fc6ca3a1f4b5d7e32fb98e2da2a"]
pytz = ["1c557d7d0e871de1f5ccd5833f60fb2550652da6be2693c1e02300743d21500d", "b02c06db6cf09c12dd25137e563b31700d3b80fcc4ad23abb7a315f2789819be"]
requests = ["43999036bfa82904b6af1d99e4882b560e5e2c68e5c4b0aa03b655f3d7d73fee", "b3f43d496c6daba4493e7c431722aeb7dbc6288f52a6e04e7b6023b0247817e6"]
six = ["236bdbdce46e6e6a3d61a337c0f8b763ca1e8717c03b369e87a7ec7ce1319c0a", "8f3cd2e254d8f793e7f3d6d9df77b92252b52637291d0f0da013c76ea2724b6c"]
urllib3 = ["2f3db8b19923a873b3e5256dc9c2dedfa883e33d87c690d9c7913e1f40673cdc", "87716c2d2a7121198ebcb7ce7cccf6ce5e9ba539041cfbaeecfb641dc0bf6acc"]
yarl = ["0a5d90f6d6ed6204e58b9d10882ef1a1193010e76e744ba39e848e8ddf96ab7a", "1f96aa307067766c3edfc075739e5da8c790178d98f95e033fc8e22b8f2bc920", "2aec0ae0c50997e1a7af3ada4983e11caf212eee73eff6876ce26cf3a5072644", "42a7fc3d31c4c5b7fb7102380e1518e5af88e3bec7e89acf1213973e880bff6f", "6af895b45bd49254cc309ac0fe6e1595636a024953d710e01114257736184698", "9d25d6d6865979a5216b5bc2b9bd913dbaff636f74411baaa3e79c708ebeafbb", "c4c7682551c0b10b5c6fe0e359745759bd6298ab5839d9433ad0ed820def0d40", "c9adaa61e1d9487c69f40561a89fc68640dba05e014ed29315b586e106a95671", "d861e697e4f1dbd614c29c7594f0dd3dbc48144f1e1f9ed8380604c7dde6cb19", "e2dbf932bc9519281393973187075f1c2261a9e58032265ae47b2e79ece30ad8", "e938046ce94bcb21e4641712eee3f3c211fc1e5a4601fd89c031e638022097a3", "f00d067a08836c03646ace00baaf59697e978d2f1958b090c3a098c59221e175", "f96d8bd39ee85cb9e842e3c7ad8c7cfb875bebfe07d63e87ca3e3984cb2f1546"]
